
Microsoft Visual Studio Solution File, Format Version 12.00
# Visual Studio Version 17
VisualStudioVersion = 17.3.32922.545
MinimumVisualStudioVersion = 10.0.40219.1
Project("{FAE04EC0-301F-11D3-BF4B-00C04F79EFBC}") = "Average between numbers", "Average between numbers\Average between numbers.csproj", "{0C81E4AA-8890-4814-B543-E96FBF63B1CF}"
EndProject
Global
	GlobalSection(SolutionConfigurationPlatforms) = preSolution
		Debug|Any CPU = Debug|Any CPU
		Release|Any CPU = Release|Any CPU
	EndGlobalSection
	GlobalSection(ProjectConfigurationPlatforms) = postSolution
		{0C81E4AA-8890-4814-B543-E96FBF63B1CF}.Debug|Any CPU.ActiveCfg = Debug|Any CPU
		{0C81E4AA-8890-4814-B543-E96FBF63B1CF}.Debug|Any CPU.Build.0 = Debug|Any CPU
		{0C81E4AA-8890-4814-B543-E96FBF63B1CF}.Release|Any CPU.ActiveCfg = Release|Any CPU
		{0C81E4AA-8890-4814-B543-E96FBF63B1CF}.Release|Any CPU.Build.0 = Release|Any CPU
	EndGlobalSection
	GlobalSection(SolutionProperties) = preSolution
		HideSolutionNode = FALSE
	EndGlobalSection
	GlobalSection(ExtensibilityGlobals) = postSolution
		SolutionGuid = {56E3CDC1-913B-4358-9113-C0D7CDA15310}
	EndGlobalSection
EndGlobal
